
Microsoft Visual Studio Solution File, Format Version 12.00
# Visual Studio Version 17
VisualStudioVersion = 17.14.36401.2
MinimumVisualStudioVersion = 10.0.40219.1
Project("{FAE04EC0-301F-11D3-BF4B-00C04F79EFBC}") = "FrogsWinFormsApp", "FrogsWinFormsApp\FrogsWinFormsApp.csproj", "{D12AC8FE-6D1B-46B7-BAD3-882AC4589C0C}"
EndProject
Project("{FAE04EC0-301F-11D3-BF4B-00C04F79EFBC}") = "2048ClassLibrary", "2048ClassLibrary\2048ClassLibrary.csproj", "{CEE9958F-749B-817E-286A-743AA005C27F}"
EndProject
Global
	GlobalSection(SolutionConfigurationPlatforms) = preSolution
		Debug|Any CPU = Debug|Any CPU
		Release|Any CPU = Release|Any CPU
	EndGlobalSection
	GlobalSection(ProjectConfigurationPlatforms) = postSolution
		{D12AC8FE-6D1B-46B7-BAD3-882AC4589C0C}.Debug|Any CPU.ActiveCfg = Debug|Any CPU
		{D12AC8FE-6D1B-46B7-BAD3-882AC4589C0C}.Debug|Any CPU.Build.0 = Debug|Any CPU
		{D12AC8FE-6D1B-46B7-BAD3-882AC4589C0C}.Release|Any CPU.ActiveCfg = Release|Any CPU
		{D12AC8FE-6D1B-46B7-BAD3-882AC4589C0C}.Release|Any CPU.Build.0 = Release|Any CPU
		{CEE9958F-749B-817E-286A-743AA005C27F}.Debug|Any CPU.ActiveCfg = Debug|Any CPU
		{CEE9958F-749B-817E-286A-743AA005C27F}.Debug|Any CPU.Build.0 = Debug|Any CPU
		{CEE9958F-749B-817E-286A-743AA005C27F}.Release|Any CPU.ActiveCfg = Release|Any CPU
		{CEE9958F-749B-817E-286A-743AA005C27F}.Release|Any CPU.Build.0 = Release|Any CPU
	EndGlobalSection
	GlobalSection(SolutionProperties) = preSolution
		HideSolutionNode = FALSE
	EndGlobalSection
	GlobalSection(ExtensibilityGlobals) = postSolution
		SolutionGuid = {5A2478B7-EC35-4639-861F-5614806DE10B}
	EndGlobalSection
EndGlobal
